
Microsoft Visual Studio Solution File, Format Version 12.00
# Visual Studio 15
VisualStudioVersion = 15.0.28307.572
MinimumVisualStudioVersion = 10.0.40219.1
Project("{9092AA53-FB77-4645-B42D-1CCCA6BD08BD}") = "discordbot_v1", "discordbot_v1\discordbot_v1.njsproj", "{2EA1C9CE-9467-423B-A052-F93F6D08D996}"
EndProject
Project("{9092AA53-FB77-4645-B42D-1CCCA6BD08BD}") = "discordbot_v2", "discordbot_v2\discordbot_v2.njsproj", "{3AB38303-5042-4EFC-88DE-4375FD0AD658}"
EndProject
Global
	GlobalSection(SolutionConfigurationPlatforms) = preSolution
		Debug|Any CPU = Debug|Any CPU
		Release|Any CPU = Release|Any CPU
	EndGlobalSection
	GlobalSection(ProjectConfigurationPlatforms) = postSolution
		{2EA1C9CE-9467-423B-A052-F93F6D08D996}.Debug|Any CPU.ActiveCfg = Debug|Any CPU
		{2EA1C9CE-9467-423B-A052-F93F6D08D996}.Debug|Any CPU.Build.0 = Debug|Any CPU
		{2EA1C9CE-9467-423B-A052-F93F6D08D996}.Release|Any CPU.ActiveCfg = Release|Any CPU
		{2EA1C9CE-9467-423B-A052-F93F6D08D996}.Release|Any CPU.Build.0 = Release|Any CPU
		{3AB38303-5042-4EFC-88DE-4375FD0AD658}.Debug|Any CPU.ActiveCfg = Debug|Any CPU
		{3AB38303-5042-4EFC-88DE-4375FD0AD658}.Debug|Any CPU.Build.0 = Debug|Any CPU
		{3AB38303-5042-4EFC-88DE-4375FD0AD658}.Release|Any CPU.ActiveCfg = Release|Any CPU
		{3AB38303-5042-4EFC-88DE-4375FD0AD658}.Release|Any CPU.Build.0 = Release|Any CPU
	EndGlobalSection
	GlobalSection(SolutionProperties) = preSolution
		HideSolutionNode = FALSE
	EndGlobalSection
	GlobalSection(ExtensibilityGlobals) = postSolution
		SolutionGuid = {959ED3F7-9C81-4FA0-8A03-AE6F625F433F}
	EndGlobalSection
EndGlobal
